// !$*UTF8*$!
{
	archiveVersion = 1;
	classes = {
	};
	objectVersion = 46;
	objects = {

/* Begin PBXBuildFile section */
		48371E540100907CF8F9EB75 /* Pods_Chatov.framework in Frameworks */ = {isa = PBXBuildFile; fileRef = A6D8FC9B7F6513CEF0654347 /* Pods_Chatov.framework */; };
		A41117C91D548B2C00163D0C /* AppDelegate.swift in Sources */ = {isa = PBXBuildFile; fileRef = A41117C81D548B2C00163D0C /* AppDelegate.swift */; };
		A41117CB1D548B2C00163D0C /* ViewController.swift in Sources */ = {isa = PBXBuildFile; fileRef = A41117CA1D548B2C00163D0C /* ViewController.swift */; };
		A41117CE1D548B2C00163D0C /* Main.storyboard in Resources */ = {isa = PBXBuildFile; fileRef = A41117CC1D548B2C00163D0C /* Main.storyboard */; };
		A41117D01D548B2C00163D0C /* Assets.xcassets in Resources */ = {isa = PBXBuildFile; fileRef = A41117CF1D548B2C00163D0C /* Assets.xcassets */; };
		A41117D31D548B2C00163D0C /* LaunchScreen.storyboard in Resources */ = {isa = PBXBuildFile; fileRef = A41117D11D548B2C00163D0C /* LaunchScreen.storyboard */; };
		A41117DD1D548D0500163D0C /* GoogleService-Info.plist in Resources */ = {isa = PBXBuildFile; fileRef = A41117DC1D548D0500163D0C /* GoogleService-Info.plist */; };
		A41117E01D54AF5E00163D0C /* MessageTableViewCell.swift in Sources */ = {isa = PBXBuildFile; fileRef = A41117DF1D54AF5E00163D0C /* MessageTableViewCell.swift */; };
		A41117E51D54B69C00163D0C /* Manager.swift in Sources */ = {isa = PBXBuildFile; fileRef = A41117E41D54B69C00163D0C /* Manager.swift */; };
		A41117E71D54B85F00163D0C /* Message.swift in Sources */ = {isa = PBXBuildFile; fileRef = A41117E61D54B85F00163D0C /* Message.swift */; };
		A41117E91D54C02E00163D0C /* Presenter.swift in Sources */ = {isa = PBXBuildFile; fileRef = A41117E81D54C02E00163D0C /* Presenter.swift */; };
		A467FF981D58ACA500FF1D5E /* CameraViewController.swift in Sources */ = {isa = PBXBuildFile; fileRef = A467FF971D58ACA500FF1D5E /* CameraViewController.swift */; };
		A467FF9A1D58C12500FF1D5E /* ImageMessageTableViewCell.swift in Sources */ = {isa = PBXBuildFile; fileRef = A467FF991D58C12500FF1D5E /* ImageMessageTableViewCell.swift */; };
		A4BAF9DC1D5863F50063B89E /* MapKit.framework in Frameworks */ = {isa = PBXBuildFile; fileRef = A4BAF9DB1D5863F50063B89E /* MapKit.framework */; };
		A4BAF9E01D586C370063B89E /* LocationManager.swift in Sources */ = {isa = PBXBuildFile; fileRef = A4BAF9DF1D586C370063B89E /* LocationManager.swift */; };
		A4BAF9E21D588CA30063B89E /* MapMessageTableViewCell.swift in Sources */ = {isa = PBXBuildFile; fileRef = A4BAF9E11D588CA30063B89E /* MapMessageTableViewCell.swift */; };
		A4BAF9E41D588F260063B89E /* TextMessageTableViewCell.swift in Sources */ = {isa = PBXBuildFile; fileRef = A4BAF9E31D588F260063B89E /* TextMessageTableViewCell.swift */; };
/* End PBXBuildFile section */

/* Begin PBXFileReference section */
		54FE84E8457ED4B1FDB4CA6D /* Pods-Chatov.debug.xcconfig */ = {isa = PBXFileReference; includeInIndex = 1; lastKnownFileType = text.xcconfig; name = "Pods-Chatov.debug.xcconfig"; path = "Pods/Target Support Files/Pods-Chatov/Pods-Chatov.debug.xcconfig"; sourceTree = "<group>"; };
		A41117C51D548B2B00163D0C /* Chatov.app */ = {isa = PBXFileReference; explicitFileType = wrapper.application; includeInIndex = 0; path = Chatov.app; sourceTree = BUILT_PRODUCTS_DIR; };
		A41117C81D548B2C00163D0C /* AppDelegate.swift */ = {isa = PBXFileReference; lastKnownFileType = sourcecode.swift; path = AppDelegate.swift; sourceTree = "<group>"; };
		A41117CA1D548B2C00163D0C /* ViewController.swift */ = {isa = PBXFileReference; lastKnownFileType = sourcecode.swift; name = ViewController.swift; path = Views/ViewController.swift; sourceTree = "<group>"; };
		A41117CD1D548B2C00163D0C /* Base */ = {isa = PBXFileReference; lastKnownFileType = file.storyboard; name = Base; path = Base.lproj/Main.storyboard; sourceTree = "<group>"; };
		A41117CF1D548B2C00163D0C /* Assets.xcassets */ = {isa = PBXFileReference; lastKnownFileType = folder.assetcatalog; path = Assets.xcassets; sourceTree = "<group>"; };
		A41117D21D548B2C00163D0C /* Base */ = {isa = PBXFileReference; lastKnownFileType = file.storyboard; name = Base; path = Base.lproj/LaunchScreen.storyboard; sourceTree = "<group>"; };
		A41117D41D548B2C00163D0C /* Info.plist */ = {isa = PBXFileReference; lastKnownFileType = text.plist.xml; path = Info.plist; sourceTree = "<group>"; };
		A41117DC1D548D0500163D0C /* GoogleService-Info.plist */ = {isa = PBXFileReference; fileEncoding = 4; lastKnownFileType = text.plist.xml; path = "GoogleService-Info.plist"; sourceTree = "<group>"; };
		A41117DF1D54AF5E00163D0C /* MessageTableViewCell.swift */ = {isa = PBXFileReference; fileEncoding = 4; lastKnownFileType = sourcecode.swift; name = MessageTableViewCell.swift; path = Views/MessageTableViewCell.swift; sourceTree = "<group>"; };
		A41117E41D54B69C00163D0C /* Manager.swift */ = {isa = PBXFileReference; fileEncoding = 4; lastKnownFileType = sourcecode.swift; name = Manager.swift; path = Service/Manager.swift; sourceTree = "<group>"; };
		A41117E61D54B85F00163D0C /* Message.swift */ = {isa = PBXFileReference; fileEncoding = 4; lastKnownFileType = sourcecode.swift; name = Message.swift; path = Models/Message.swift; sourceTree = "<group>"; };
		A41117E81D54C02E00163D0C /* Presenter.swift */ = {isa = PBXFileReference; fileEncoding = 4; lastKnownFileType = sourcecode.swift; name = Presenter.swift; path = ViewModels/Presenter.swift; sourceTree = "<group>"; };
		A467FF971D58ACA500FF1D5E /* CameraViewController.swift */ = {isa = PBXFileReference; fileEncoding = 4; lastKnownFileType = sourcecode.swift; name = CameraViewController.swift; path = Views/CameraViewController.swift; sourceTree = "<group>"; };
		A467FF991D58C12500FF1D5E /* ImageMessageTableViewCell.swift */ = {isa = PBXFileReference; fileEncoding = 4; lastKnownFileType = sourcecode.swift; name = ImageMessageTableViewCell.swift; path = Views/ImageMessageTableViewCell.swift; sourceTree = "<group>"; };
		A4BAF9DB1D5863F50063B89E /* MapKit.framework */ = {isa = PBXFileReference; lastKnownFileType = wrapper.framework; name = MapKit.framework; path = System/Library/Frameworks/MapKit.framework; sourceTree = SDKROOT; };
		A4BAF9DF1D586C370063B89E /* LocationManager.swift */ = {isa = PBXFileReference; fileEncoding = 4; lastKnownFileType = sourcecode.swift; name = LocationManager.swift; path = Service/LocationManager.swift; sourceTree = "<group>"; };
		A4BAF9E11D588CA30063B89E /* MapMessageTableViewCell.swift */ = {isa = PBXFileReference; fileEncoding = 4; lastKnownFileType = sourcecode.swift; name = MapMessageTableViewCell.swift; path = Views/MapMessageTableViewCell.swift; sourceTree = "<group>"; };
		A4BAF9E31D588F260063B89E /* TextMessageTableViewCell.swift */ = {isa = PBXFileReference; fileEncoding = 4; lastKnownFileType = sourcecode.swift; name = TextMessageTableViewCell.swift; path = Views/TextMessageTableViewCell.swift; sourceTree = "<group>"; };
		A6D8FC9B7F6513CEF0654347 /* Pods_Chatov.framework */ = {isa = PBXFileReference; explicitFileType = wrapper.framework; includeInIndex = 0; path = Pods_Chatov.framework; sourceTree = BUILT_PRODUCTS_DIR; };
		FA8D929A7C185902A7473EBC /* Pods-Chatov.release.xcconfig */ = {isa = PBXFileReference; includeInIndex = 1; lastKnownFileType = text.xcconfig; name = "Pods-Chatov.release.xcconfig"; path = "Pods/Target Support Files/Pods-Chatov/Pods-Chatov.release.xcconfig"; sourceTree = "<group>"; };
/* End PBXFileReference section */

/* Begin PBXFrameworksBuildPhase section */
		A41117C21D548B2B00163D0C /* Frameworks */ = {
			isa = PBXFrameworksBuildPhase;
			buildActionMask = 2147483647;
			files = (
				A4BAF9DC1D5863F50063B89E /* MapKit.framework in Frameworks */,
				48371E540100907CF8F9EB75 /* Pods_Chatov.framework in Frameworks */,
			);
			runOnlyForDeploymentPostprocessing = 0;
		};
/* End PBXFrameworksBuildPhase section */

/* Begin PBXGroup section */
		4762F97E5B42956623F3E85E /* Pods */ = {
			isa = PBXGroup;
			children = (
				54FE84E8457ED4B1FDB4CA6D /* Pods-Chatov.debug.xcconfig */,
				FA8D929A7C185902A7473EBC /* Pods-Chatov.release.xcconfig */,
			);
			name = Pods;
			sourceTree = "<group>";
		};
		62607DBD0D1874865B7909BD /* Frameworks */ = {
			isa = PBXGroup;
			children = (
				A4BAF9DB1D5863F50063B89E /* MapKit.framework */,
				A6D8FC9B7F6513CEF0654347 /* Pods_Chatov.framework */,
			);
			name = Frameworks;
			sourceTree = "<group>";
		};
		A41117BC1D548B2B00163D0C = {
			isa = PBXGroup;
			children = (
				A41117C71D548B2C00163D0C /* Chatov */,
				A41117C61D548B2B00163D0C /* Products */,
				4762F97E5B42956623F3E85E /* Pods */,
				62607DBD0D1874865B7909BD /* Frameworks */,
			);
			sourceTree = "<group>";
		};
		A41117C61D548B2B00163D0C /* Products */ = {
			isa = PBXGroup;
			children = (
				A41117C51D548B2B00163D0C /* Chatov.app */,
			);
			name = Products;
			sourceTree = "<group>";
		};
		A41117C71D548B2C00163D0C /* Chatov */ = {
			isa = PBXGroup;
			children = (
				A41117E31D54B63A00163D0C /* Service */,
				A41117E21D54B63100163D0C /* Models */,
				A41117E11D54B62300163D0C /* ViewModels */,
				A41117DE1D54A93300163D0C /* Views */,
				A41117C81D548B2C00163D0C /* AppDelegate.swift */,
				A41117CF1D548B2C00163D0C /* Assets.xcassets */,
				A41117D41D548B2C00163D0C /* Info.plist */,
				A41117DC1D548D0500163D0C /* GoogleService-Info.plist */,
			);
			path = Chatov;
			sourceTree = "<group>";
		};
		A41117DE1D54A93300163D0C /* Views */ = {
			isa = PBXGroup;
			children = (
				A41117CA1D548B2C00163D0C /* ViewController.swift */,
				A41117CC1D548B2C00163D0C /* Main.storyboard */,
				A41117D11D548B2C00163D0C /* LaunchScreen.storyboard */,
				A41117DF1D54AF5E00163D0C /* MessageTableViewCell.swift */,
				A4BAF9E31D588F260063B89E /* TextMessageTableViewCell.swift */,
				A4BAF9E11D588CA30063B89E /* MapMessageTableViewCell.swift */,
				A467FF991D58C12500FF1D5E /* ImageMessageTableViewCell.swift */,
				A467FF971D58ACA500FF1D5E /* CameraViewController.swift */,
			);
			name = Views;
			sourceTree = "<group>";
		};
		A41117E11D54B62300163D0C /* ViewModels */ = {
			isa = PBXGroup;
			children = (
				A41117E81D54C02E00163D0C /* Presenter.swift */,
			);
			name = ViewModels;
			sourceTree = "<group>";
		};
		A41117E21D54B63100163D0C /* Models */ = {
			isa = PBXGroup;
			children = (
				A41117E61D54B85F00163D0C /* Message.swift */,
			);
			name = Models;
			sourceTree = "<group>";
		};
		A41117E31D54B63A00163D0C /* Service */ = {
			isa = PBXGroup;
			children = (
				A41117E41D54B69C00163D0C /* Manager.swift */,
				A4BAF9DF1D586C370063B89E /* LocationManager.swift */,
			);
			name = Service;
			sourceTree = "<group>";
		};
/* End PBXGroup section */

/* Begin PBXNativeTarget section */
		A41117C41D548B2B00163D0C /* Chatov */ = {
			isa = PBXNativeTarget;
			buildConfigurationList = A41117D71D548B2C00163D0C /* Build configuration list for PBXNativeTarget "Chatov" */;
			buildPhases = (
				01230C0FF924BDAC042944B4 /* [CP] Check Pods Manifest.lock */,
				A41117C11D548B2B00163D0C /* Sources */,
				A41117C21D548B2B00163D0C /* Frameworks */,
				A41117C31D548B2B00163D0C /* Resources */,
				ED1D3AA34443B271A197B7B0 /* [CP] Embed Pods Frameworks */,
				C521971929184FBD1BD3CB2D /* [CP] Copy Pods Resources */,
			);
			buildRules = (
			);
			dependencies = (
			);
			name = Chatov;
			productName = Chatov;
			productReference = A41117C51D548B2B00163D0C /* Chatov.app */;
			productType = "com.apple.product-type.application";
		};
/* End PBXNativeTarget section */

/* Begin PBXProject section */
		A41117BD1D548B2B00163D0C /* Project object */ = {
			isa = PBXProject;
			attributes = {
				LastSwiftUpdateCheck = 0730;
				LastUpgradeCheck = 0730;
				ORGANIZATIONNAME = "Pavel Diatchenko";
				TargetAttributes = {
					A41117C41D548B2B00163D0C = {
						CreatedOnToolsVersion = 7.3.1;
						DevelopmentTeam = SNF4NJ4KY8;
					};
				};
			};
			buildConfigurationList = A41117C01D548B2B00163D0C /* Build configuration list for PBXProject "Chatov" */;
			compatibilityVersion = "Xcode 3.2";
			developmentRegion = English;
			hasScannedForEncodings = 0;
			knownRegions = (
				en,
				Base,
			);
			mainGroup = A41117BC1D548B2B00163D0C;
			productRefGroup = A41117C61D548B2B00163D0C /* Products */;
			projectDirPath = "";
			projectRoot = "";
			targets = (
				A41117C41D548B2B00163D0C /* Chatov */,
			);
		};
/* End PBXProject section */

/* Begin PBXResourcesBuildPhase section */
		A41117C31D548B2B00163D0C /* Resources */ = {
			isa = PBXResourcesBuildPhase;
			buildActionMask = 2147483647;
			files = (
				A41117D31D548B2C00163D0C /* LaunchScreen.storyboard in Resources */,
				A41117D01D548B2C00163D0C /* Assets.xcassets in Resources */,
				A41117CE1D548B2C00163D0C /* Main.storyboard in Resources */,
				A41117DD1D548D0500163D0C /* GoogleService-Info.plist in Resources */,
			);
			runOnlyForDeploymentPostprocessing = 0;
		};
/* End PBXResourcesBuildPhase section */

/* Begin PBXShellScriptBuildPhase section */
		01230C0FF924BDAC042944B4 /* [CP] Check Pods Manifest.lock */ = {
			isa = PBXShellScriptBuildPhase;
			buildActionMask = 2147483647;
			files = (
			);
			inputPaths = (
			);
			name = "[CP] Check Pods Manifest.lock";
			outputPaths = (
			);
			runOnlyForDeploymentPostprocessing = 0;
			shellPath = /bin/sh;
			shellScript = "diff \"${PODS_ROOT}/../Podfile.lock\" \"${PODS_ROOT}/Manifest.lock\" > /dev/null\nif [[ $? != 0 ]] ; then\n    cat << EOM\nerror: The sandbox is not in sync with the Podfile.lock. Run 'pod install' or update your CocoaPods installation.\nEOM\n    exit 1\nfi\n";
			showEnvVarsInLog = 0;
		};
		C521971929184FBD1BD3CB2D /* [CP] Copy Pods Resources */ = {
			isa = PBXShellScriptBuildPhase;
			buildActionMask = 2147483647;
			files = (
			);
			inputPaths = (
			);
			name = "[CP] Copy Pods Resources";
			outputPaths = (
			);
			runOnlyForDeploymentPostprocessing = 0;
			shellPath = /bin/sh;
			shellScript = "\"${SRCROOT}/Pods/Target Support Files/Pods-Chatov/Pods-Chatov-resources.sh\"\n";
			showEnvVarsInLog = 0;
		};
		ED1D3AA34443B271A197B7B0 /* [CP] Embed Pods Frameworks */ = {
			isa = PBXShellScriptBuildPhase;
			buildActionMask = 2147483647;
			files = (
			);
			inputPaths = (
			);
			name = "[CP] Embed Pods Frameworks";
			outputPaths = (
			);
			runOnlyForDeploymentPostprocessing = 0;
			shellPath = /bin/sh;
			shellScript = "\"${SRCROOT}/Pods/Target Support Files/Pods-Chatov/Pods-Chatov-frameworks.sh\"\n";
			showEnvVarsInLog = 0;
		};
/* End PBXShellScriptBuildPhase section */

/* Begin PBXSourcesBuildPhase section */
		A41117C11D548B2B00163D0C /* Sources */ = {
			isa = PBXSourcesBuildPhase;
			buildActionMask = 2147483647;
			files = (
				A41117E91D54C02E00163D0C /* Presenter.swift in Sources */,
				A41117CB1D548B2C00163D0C /* ViewController.swift in Sources */,
				A41117C91D548B2C00163D0C /* AppDelegate.swift in Sources */,
				A4BAF9E01D586C370063B89E /* LocationManager.swift in Sources */,
				A4BAF9E41D588F260063B89E /* TextMessageTableViewCell.swift in Sources */,
				A41117E71D54B85F00163D0C /* Message.swift in Sources */,
				A41117E51D54B69C00163D0C /* Manager.swift in Sources */,
				A467FF9A1D58C12500FF1D5E /* ImageMessageTableViewCell.swift in Sources */,
				A467FF981D58ACA500FF1D5E /* CameraViewController.swift in Sources */,
				A4BAF9E21D588CA30063B89E /* MapMessageTableViewCell.swift in Sources */,
				A41117E01D54AF5E00163D0C /* MessageTableViewCell.swift in Sources */,
			);
			runOnlyForDeploymentPostprocessing = 0;
		};
/* End PBXSourcesBuildPhase section */

/* Begin PBXVariantGroup section */
		A41117CC1D548B2C00163D0C /* Main.storyboard */ = {
			isa = PBXVariantGroup;
			children = (
				A41117CD1D548B2C00163D0C /* Base */,
			);
			name = Main.storyboard;
			path = Views;
			sourceTree = "<group>";
		};
		A41117D11D548B2C00163D0C /* LaunchScreen.storyboard */ = {
			isa = PBXVariantGroup;
			children = (
				A41117D21D548B2C00163D0C /* Base */,
			);
			name = LaunchScreen.storyboard;
			path = Views;
			sourceTree = "<group>";
		};
/* End PBXVariantGroup section */

/* Begin XCBuildConfiguration section */
		A41117D51D548B2C00163D0C /* Debug */ = {
			isa = XCBuildConfiguration;
			buildSettings = {
				ALWAYS_SEARCH_USER_PATHS = NO;
				CLANG_ANALYZER_NONNULL = YES;
				CLANG_CXX_LANGUAGE_STANDARD = "gnu++0x";
				CLANG_CXX_LIBRARY = "libc++";
				CLANG_ENABLE_MODULES = YES;
				CLANG_ENABLE_OBJC_ARC = YES;
				CLANG_WARN_BOOL_CONVERSION = YES;
				CLANG_WARN_CONSTANT_CONVERSION = YES;
				CLANG_WARN_DIRECT_OBJC_ISA_USAGE = YES_ERROR;
				CLANG_WARN_EMPTY_BODY = YES;
				CLANG_WARN_ENUM_CONVERSION = YES;
				CLANG_WARN_INT_CONVERSION = YES;
				CLANG_WARN_OBJC_ROOT_CLASS = YES_ERROR;
				CLANG_WARN_UNREACHABLE_CODE = YES;
				CLANG_WARN__DUPLICATE_METHOD_MATCH = YES;
				"CODE_SIGN_IDENTITY[sdk=iphoneos*]" = "iPhone Developer";
				COPY_PHASE_STRIP = NO;
				DEBUG_INFORMATION_FORMAT = dwarf;
				ENABLE_STRICT_OBJC_MSGSEND = YES;
				ENABLE_TESTABILITY = YES;
				GCC_C_LANGUAGE_STANDARD = gnu99;
				GCC_DYNAMIC_NO_PIC = NO;
				GCC_NO_COMMON_BLOCKS = YES;
				GCC_OPTIMIZATION_LEVEL = 0;
				GCC_PREPROCESSOR_DEFINITIONS = (
					"DEBUG=1",
					"$(inherited)",
				);
				GCC_WARN_64_TO_32_BIT_CONVERSION = YES;
				GCC_WARN_ABOUT_RETURN_TYPE = YES_ERROR;
				GCC_WARN_UNDECLARED_SELECTOR = YES;
				GCC_WARN_UNINITIALIZED_AUTOS = YES_AGGRESSIVE;
				GCC_WARN_UNUSED_FUNCTION = YES;
				GCC_WARN_UNUSED_VARIABLE = YES;
				IPHONEOS_DEPLOYMENT_TARGET = 9.3;
				MTL_ENABLE_DEBUG_INFO = YES;
				ONLY_ACTIVE_ARCH = YES;
				SDKROOT = iphoneos;
				SWIFT_OPTIMIZATION_LEVEL = "-Onone";
			};
			name = Debug;
		};
		A41117D61D548B2C00163D0C /* Release */ = {
			isa = XCBuildConfiguration;
			buildSettings = {
				ALWAYS_SEARCH_USER_PATHS = NO;
				CLANG_ANALYZER_NONNULL = YES;
				CLANG_CXX_LANGUAGE_STANDARD = "gnu++0x";
				CLANG_CXX_LIBRARY = "libc++";
				CLANG_ENABLE_MODULES = YES;
				CLANG_ENABLE_OBJC_ARC = YES;
				CLANG_WARN_BOOL_CONVERSION = YES;
				CLANG_WARN_CONSTANT_CONVERSION = YES;
				CLANG_WARN_DIRECT_OBJC_ISA_USAGE = YES_ERROR;
				CLANG_WARN_EMPTY_BODY = YES;
				CLANG_WARN_ENUM_CONVERSION = YES;
				CLANG_WARN_INT_CONVERSION = YES;
				CLANG_WARN_OBJC_ROOT_CLASS = YES_ERROR;
				CLANG_WARN_UNREACHABLE_CODE = YES;
				CLANG_WARN__DUPLICATE_METHOD_MATCH = YES;
				"CODE_SIGN_IDENTITY[sdk=iphoneos*]" = "iPhone Developer";
				COPY_PHASE_STRIP = NO;
				DEBUG_INFORMATION_FORMAT = "dwarf-with-dsym";
				ENABLE_NS_ASSERTIONS = NO;
				ENABLE_STRICT_OBJC_MSGSEND = YES;
				GCC_C_LANGUAGE_STANDARD = gnu99;
				GCC_NO_COMMON_BLOCKS = YES;
				GCC_WARN_64_TO_32_BIT_CONVERSION = YES;
				GCC_WARN_ABOUT_RETURN_TYPE = YES_ERROR;
				GCC_WARN_UNDECLARED_SELECTOR = YES;
				GCC_WARN_UNINITIALIZED_AUTOS = YES_AGGRESSIVE;
				GCC_WARN_UNUSED_FUNCTION = YES;
				GCC_WARN_UNUSED_VARIABLE = YES;
				IPHONEOS_DEPLOYMENT_TARGET = 9.3;
				MTL_ENABLE_DEBUG_INFO = NO;
				SDKROOT = iphoneos;
				VALIDATE_PRODUCT = YES;
			};
			name = Release;
		};
		A41117D81D548B2C00163D0C /* Debug */ = {
			isa = XCBuildConfiguration;
			baseConfigurationReference = 54FE84E8457ED4B1FDB4CA6D /* Pods-Chatov.debug.xcconfig */;
			buildSettings = {
				ASSETCATALOG_COMPILER_APPICON_NAME = AppIcon;
				CODE_SIGN_IDENTITY = "iPhone Developer";
				"CODE_SIGN_IDENTITY[sdk=iphoneos*]" = "iPhone Developer";
				INFOPLIST_FILE = Chatov/Info.plist;
				LD_RUNPATH_SEARCH_PATHS = "$(inherited) @executable_path/Frameworks";
				PRODUCT_BUNDLE_IDENTIFIER = com.diatche.Chatov;
				PRODUCT_NAME = "$(TARGET_NAME)";
				PROVISIONING_PROFILE = "";
			};
			name = Debug;
		};
		A41117D91D548B2C00163D0C /* Release */ = {
			isa = XCBuildConfiguration;
			baseConfigurationReference = FA8D929A7C185902A7473EBC /* Pods-Chatov.release.xcconfig */;
			buildSettings = {
				ASSETCATALOG_COMPILER_APPICON_NAME = AppIcon;
				CODE_SIGN_IDENTITY = "iPhone Developer";
				"CODE_SIGN_IDENTITY[sdk=iphoneos*]" = "iPhone Developer";
				INFOPLIST_FILE = Chatov/Info.plist;
				LD_RUNPATH_SEARCH_PATHS = "$(inherited) @executable_path/Frameworks";
				PRODUCT_BUNDLE_IDENTIFIER = com.diatche.Chatov;
				PRODUCT_NAME = "$(TARGET_NAME)";
				PROVISIONING_PROFILE = "";
			};
			name = Release;
		};
/* End XCBuildConfiguration section */

/* Begin XCConfigurationList section */
		A41117C01D548B2B00163D0C /* Build configuration list for PBXProject "Chatov" */ = {
			isa = XCConfigurationList;
			buildConfigurations = (
				A41117D51D548B2C00163D0C /* Debug */,
				A41117D61D548B2C00163D0C /* Release */,
			);
			defaultConfigurationIsVisible = 0;
			defaultConfigurationName = Release;
		};
		A41117D71D548B2C00163D0C /* Build configuration list for PBXNativeTarget "Chatov" */ = {
			isa = XCConfigurationList;
			buildConfigurations = (
				A41117D81D548B2C00163D0C /* Debug */,
				A41117D91D548B2C00163D0C /* Release */,
			);
			defaultConfigurationIsVisible = 0;
			defaultConfigurationName = Release;
		};
/* End XCConfigurationList section */
	};
	rootObject = A41117BD1D548B2B00163D0C /* Project object */;
}
